
Microsoft Visual Studio Solution File, Format Version 12.00
# Visual Studio Version 17
VisualStudioVersion = 17.14.36127.28
MinimumVisualStudioVersion = 10.0.40219.1
Project("{FAE04EC0-301F-11D3-BF4B-00C04F79EFBC}") = "ListaSum", "ListaSum\ListaSum.csproj", "{CA11D0EA-37FB-4180-BA34-F5E9002E748F}"
EndProject
Project("{FAE04EC0-301F-11D3-BF4B-00C04F79EFBC}") = "AddTwoNumbrs", "AddTwoNumbrs\AddTwoNumbrs.csproj", "{3CEDB424-5943-4A49-BE50-63AB9A4A7148}"
EndProject
Project("{FAE04EC0-301F-11D3-BF4B-00C04F79EFBC}") = "LogestSubstringWithoutRepeating", "LogestSubstringWithoutRepeating\LogestSubstringWithoutRepeating.csproj", "{35508949-7D1B-4182-B17D-640E244BF0D3}"
EndProject
Project("{FAE04EC0-301F-11D3-BF4B-00C04F79EFBC}") = "LongestPalindromic", "LongestPalindromic\LongestPalindromic.csproj", "{675CC598-94C5-47AE-B91B-EEB255AECE8F}"
EndProject
Project("{FAE04EC0-301F-11D3-BF4B-00C04F79EFBC}") = "LongestPalindromic0", "LongestPalindromic0\LongestPalindromic0.csproj", "{E4C5900B-1AC4-4204-B043-88CBE544C581}"
EndProject
Project("{FAE04EC0-301F-11D3-BF4B-00C04F79EFBC}") = "ZigzagConversion", "ZigzagConversion\ZigzagConversion.csproj", "{4C3BCA38-B940-4710-AE06-E3C649D5A72D}"
EndProject
Project("{FAE04EC0-301F-11D3-BF4B-00C04F79EFBC}") = "ReverseInteger", "ReverseInteger\ReverseInteger.csproj", "{45A5C2D6-C347-4766-AE17-DA9EB03D8F34}"
EndProject
Project("{FAE04EC0-301F-11D3-BF4B-00C04F79EFBC}") = "PalindromeNumber", "PalindromeNumber\PalindromeNumber.csproj", "{3CDB1E1C-FA96-4160-A6F6-069772C77901}"
EndProject
Project("{FAE04EC0-301F-11D3-BF4B-00C04F79EFBC}") = "RegularExpressionMatching", "RegularExpressionMatching\RegularExpressionMatching.csproj", "{E3BB3177-CBF6-4334-9C6A-CE1FFEA06449}"
EndProject
Project("{FAE04EC0-301F-11D3-BF4B-00C04F79EFBC}") = "ContainerWithMostWater", "ContainerWithMostWater\ContainerWithMostWater.csproj", "{06C58E0B-9FD2-4CCE-B975-02AF48486DC7}"
EndProject
Global
	GlobalSection(SolutionConfigurationPlatforms) = preSolution
		Debug|Any CPU = Debug|Any CPU
		Release|Any CPU = Release|Any CPU
	EndGlobalSection
	GlobalSection(ProjectConfigurationPlatforms) = postSolution
		{CA11D0EA-37FB-4180-BA34-F5E9002E748F}.Debug|Any CPU.ActiveCfg = Debug|Any CPU
		{CA11D0EA-37FB-4180-BA34-F5E9002E748F}.Debug|Any CPU.Build.0 = Debug|Any CPU
		{CA11D0EA-37FB-4180-BA34-F5E9002E748F}.Release|Any CPU.ActiveCfg = Release|Any CPU
		{CA11D0EA-37FB-4180-BA34-F5E9002E748F}.Release|Any CPU.Build.0 = Release|Any CPU
		{3CEDB424-5943-4A49-BE50-63AB9A4A7148}.Debug|Any CPU.ActiveCfg = Debug|Any CPU
		{3CEDB424-5943-4A49-BE50-63AB9A4A7148}.Debug|Any CPU.Build.0 = Debug|Any CPU
		{3CEDB424-5943-4A49-BE50-63AB9A4A7148}.Release|Any CPU.ActiveCfg = Release|Any CPU
		{3CEDB424-5943-4A49-BE50-63AB9A4A7148}.Release|Any CPU.Build.0 = Release|Any CPU
		{35508949-7D1B-4182-B17D-640E244BF0D3}.Debug|Any CPU.ActiveCfg = Debug|Any CPU
		{35508949-7D1B-4182-B17D-640E244BF0D3}.Debug|Any CPU.Build.0 = Debug|Any CPU
		{35508949-7D1B-4182-B17D-640E244BF0D3}.Release|Any CPU.ActiveCfg = Release|Any CPU
		{35508949-7D1B-4182-B17D-640E244BF0D3}.Release|Any CPU.Build.0 = Release|Any CPU
		{675CC598-94C5-47AE-B91B-EEB255AECE8F}.Debug|Any CPU.ActiveCfg = Debug|Any CPU
		{675CC598-94C5-47AE-B91B-EEB255AECE8F}.Debug|Any CPU.Build.0 = Debug|Any CPU
		{675CC598-94C5-47AE-B91B-EEB255AECE8F}.Release|Any CPU.ActiveCfg = Release|Any CPU
		{675CC598-94C5-47AE-B91B-EEB255AECE8F}.Release|Any CPU.Build.0 = Release|Any CPU
		{E4C5900B-1AC4-4204-B043-88CBE544C581}.Debug|Any CPU.ActiveCfg = Debug|Any CPU
		{E4C5900B-1AC4-4204-B043-88CBE544C581}.Debug|Any CPU.Build.0 = Debug|Any CPU
		{E4C5900B-1AC4-4204-B043-88CBE544C581}.Release|Any CPU.ActiveCfg = Release|Any CPU
		{E4C5900B-1AC4-4204-B043-88CBE544C581}.Release|Any CPU.Build.0 = Release|Any CPU
		{4C3BCA38-B940-4710-AE06-E3C649D5A72D}.Debug|Any CPU.ActiveCfg = Debug|Any CPU
		{4C3BCA38-B940-4710-AE06-E3C649D5A72D}.Debug|Any CPU.Build.0 = Debug|Any CPU
		{4C3BCA38-B940-4710-AE06-E3C649D5A72D}.Release|Any CPU.ActiveCfg = Release|Any CPU
		{4C3BCA38-B940-4710-AE06-E3C649D5A72D}.Release|Any CPU.Build.0 = Release|Any CPU
		{45A5C2D6-C347-4766-AE17-DA9EB03D8F34}.Debug|Any CPU.ActiveCfg = Debug|Any CPU
		{45A5C2D6-C347-4766-AE17-DA9EB03D8F34}.Debug|Any CPU.Build.0 = Debug|Any CPU
		{45A5C2D6-C347-4766-AE17-DA9EB03D8F34}.Release|Any CPU.ActiveCfg = Release|Any CPU
		{45A5C2D6-C347-4766-AE17-DA9EB03D8F34}.Release|Any CPU.Build.0 = Release|Any CPU
		{3CDB1E1C-FA96-4160-A6F6-069772C77901}.Debug|Any CPU.ActiveCfg = Debug|Any CPU
		{3CDB1E1C-FA96-4160-A6F6-069772C77901}.Debug|Any CPU.Build.0 = Debug|Any CPU
		{3CDB1E1C-FA96-4160-A6F6-069772C77901}.Release|Any CPU.ActiveCfg = Release|Any CPU
		{3CDB1E1C-FA96-4160-A6F6-069772C77901}.Release|Any CPU.Build.0 = Release|Any CPU
		{E3BB3177-CBF6-4334-9C6A-CE1FFEA06449}.Debug|Any CPU.ActiveCfg = Debug|Any CPU
		{E3BB3177-CBF6-4334-9C6A-CE1FFEA06449}.Debug|Any CPU.Build.0 = Debug|Any CPU
		{E3BB3177-CBF6-4334-9C6A-CE1FFEA06449}.Release|Any CPU.ActiveCfg = Release|Any CPU
		{E3BB3177-CBF6-4334-9C6A-CE1FFEA06449}.Release|Any CPU.Build.0 = Release|Any CPU
		{06C58E0B-9FD2-4CCE-B975-02AF48486DC7}.Debug|Any CPU.ActiveCfg = Debug|Any CPU
		{06C58E0B-9FD2-4CCE-B975-02AF48486DC7}.Debug|Any CPU.Build.0 = Debug|Any CPU
		{06C58E0B-9FD2-4CCE-B975-02AF48486DC7}.Release|Any CPU.ActiveCfg = Release|Any CPU
		{06C58E0B-9FD2-4CCE-B975-02AF48486DC7}.Release|Any CPU.Build.0 = Release|Any CPU
	EndGlobalSection
	GlobalSection(SolutionProperties) = preSolution
		HideSolutionNode = FALSE
	EndGlobalSection
	GlobalSection(ExtensibilityGlobals) = postSolution
		SolutionGuid = {5F3DECD4-87A8-4E96-90B8-8E165639D372}
	EndGlobalSection
EndGlobal
